
Microsoft Visual Studio Solution File, Format Version 12.00
# Visual Studio Version 16
VisualStudioVersion = 16.0.31313.79
MinimumVisualStudioVersion = 10.0.40219.1
Project("{FAE04EC0-301F-11D3-BF4B-00C04F79EFBC}") = "SEDC.Webinar.PostsApp.Domain", "SEDC.Webinar.PostsApp.Domain\SEDC.Webinar.PostsApp.Domain.csproj", "{408C0F0B-25D8-42CC-802D-3F8029055482}"
EndProject
Project("{FAE04EC0-301F-11D3-BF4B-00C04F79EFBC}") = "SEDC.Webinar.PostsApp", "SEDC.Webinar.PostsApp\SEDC.Webinar.PostsApp.csproj", "{AEA2BA8A-2918-4641-9B2F-B1CE2B657C3F}"
EndProject
Project("{FAE04EC0-301F-11D3-BF4B-00C04F79EFBC}") = "SEDC.Webinar.PostsApp.DataLayer", "SEDC.Webinar.PostsApp.DataLayer\SEDC.Webinar.PostsApp.DataLayer.csproj", "{74F979C6-51E8-42D3-AD96-7FA4EC937BF8}"
EndProject
Project("{FAE04EC0-301F-11D3-BF4B-00C04F79EFBC}") = "SEDC.Webinar.PostsApp.Services", "SEDC.Webinar.PostsApp.Services\SEDC.Webinar.PostsApp.Services.csproj", "{675141C6-C8F6-4C38-9079-85E6D1BD2A86}"
EndProject
Global
	GlobalSection(SolutionConfigurationPlatforms) = preSolution
		Debug|Any CPU = Debug|Any CPU
		Release|Any CPU = Release|Any CPU
	EndGlobalSection
	GlobalSection(ProjectConfigurationPlatforms) = postSolution
		{408C0F0B-25D8-42CC-802D-3F8029055482}.Debug|Any CPU.ActiveCfg = Debug|Any CPU
		{408C0F0B-25D8-42CC-802D-3F8029055482}.Debug|Any CPU.Build.0 = Debug|Any CPU
		{408C0F0B-25D8-42CC-802D-3F8029055482}.Release|Any CPU.ActiveCfg = Release|Any CPU
		{408C0F0B-25D8-42CC-802D-3F8029055482}.Release|Any CPU.Build.0 = Release|Any CPU
		{AEA2BA8A-2918-4641-9B2F-B1CE2B657C3F}.Debug|Any CPU.ActiveCfg = Debug|Any CPU
		{AEA2BA8A-2918-4641-9B2F-B1CE2B657C3F}.Debug|Any CPU.Build.0 = Debug|Any CPU
		{AEA2BA8A-2918-4641-9B2F-B1CE2B657C3F}.Release|Any CPU.ActiveCfg = Release|Any CPU
		{AEA2BA8A-2918-4641-9B2F-B1CE2B657C3F}.Release|Any CPU.Build.0 = Release|Any CPU
		{74F979C6-51E8-42D3-AD96-7FA4EC937BF8}.Debug|Any CPU.ActiveCfg = Debug|Any CPU
		{74F979C6-51E8-42D3-AD96-7FA4EC937BF8}.Debug|Any CPU.Build.0 = Debug|Any CPU
		{74F979C6-51E8-42D3-AD96-7FA4EC937BF8}.Release|Any CPU.ActiveCfg = Release|Any CPU
		{74F979C6-51E8-42D3-AD96-7FA4EC937BF8}.Release|Any CPU.Build.0 = Release|Any CPU
		{675141C6-C8F6-4C38-9079-85E6D1BD2A86}.Debug|Any CPU.ActiveCfg = Debug|Any CPU
		{675141C6-C8F6-4C38-9079-85E6D1BD2A86}.Debug|Any CPU.Build.0 = Debug|Any CPU
		{675141C6-C8F6-4C38-9079-85E6D1BD2A86}.Release|Any CPU.ActiveCfg = Release|Any CPU
		{675141C6-C8F6-4C38-9079-85E6D1BD2A86}.Release|Any CPU.Build.0 = Release|Any CPU
	EndGlobalSection
	GlobalSection(SolutionProperties) = preSolution
		HideSolutionNode = FALSE
	EndGlobalSection
	GlobalSection(ExtensibilityGlobals) = postSolution
		SolutionGuid = {66A23DA8-6842-4E96-B65D-27279B1826E4}
	EndGlobalSection
EndGlobal
